{
    "_meta": {
        "hash": {
            "sha256": "76b6935070d7b95a1ff93ae9b0f010eb5f73e60709eb58af6d30d7a829a42506"
        },
        "pipfile-spec": 6,
        "requires": {
            "python_version": "3.9"
        },
        "sources": [
            {
                "name": "pypi",
                "url": "https://pypi.org/simple",
                "verify_ssl": true
            }
        ]
    },
    "default": {
        "autokitteh": {
            "editable": true,
            "path": "./../autokitteh"
        },
        "certifi": {
            "hashes": [
                "sha256:78884e7c1d4b00ce3cea67b44566851c4343c120abd683433ce934a68ea58872",
                "sha256:d62a0163eb4c2344ac042ab2bdf75399a71a2d8c7d47eac2e2ee91b9d6339569"
            ],
            "version": "==2021.10.8"
        },
        "charset-normalizer": {
            "hashes": [
                "sha256:2857e29ff0d34db842cd7ca3230549d1a697f96ee6d3fb071cfa6c7393832597",
                "sha256:6881edbebdb17b39b4eaaa821b438bf6eddffb4468cf344f09f89def34a8b1df"
            ],
            "markers": "python_version >= '3'",
            "version": "==2.0.12"
        },
        "click": {
            "hashes": [
                "sha256:6a7a62563bbfabfda3a38f3023a1db4a35978c0abd76f6c9605ecd6554d6d9b1",
                "sha256:8458d7b1287c5fb128c90e23381cf99dcde74beaf6c7ff6384ce84d6fe090adb"
            ],
            "markers": "python_version >= '3.6'",
            "version": "==8.0.4"
        },
        "flask": {
            "hashes": [
                "sha256:59da8a3170004800a2837844bfa84d49b022550616070f7cb1a659682b2e7c9f",
                "sha256:e1120c228ca2f553b470df4a5fa927ab66258467526069981b3eb0a91902687d"
            ],
            "index": "pypi",
            "version": "==2.0.3"
        },
        "grpc-stubs": {
            "hashes": [
                "sha256:0d64f8acc5c5d4910db97b78f070a8bef5dc72e9618547b6a0850ed49e41ef7a",
                "sha256:c08f7a11b51c7a41d1e560b981e6802675cedf81ea1b583f0481286f823925d7"
            ],
            "markers": "python_version >= '3.6'",
            "version": "==1.24.8"
        },
        "grpcio": {
            "hashes": [
                "sha256:05467acd391e3fffb05991c76cb2ed2fa1309d0e3815ac379764bc5670b4b5d4",
                "sha256:0ac72d4b953b76924f8fa21436af060d7e6d8581e279863f30ee14f20751ac27",
                "sha256:11f811c0fffd84fca747fbc742464575e5eb130fd4fb4d6012ccc34febd001db",
                "sha256:13343e7b840c20f43b44f0e6d3bbdc037c964f0aec9735d7cb685c407731c9ff",
                "sha256:14eefcf623890f3f7dd7831decd2a2116652b5ce1e0f1d4b464b8f52110743b0",
                "sha256:19e54f0c7083c8332b5a75a9081fc5127f1dbb67b6c1a32bd7fe896ef0934918",
                "sha256:36a7bdd6ef9bca050c7ade8cba5f0e743343ea0756d5d3d520e915098a9dc503",
                "sha256:3d47553b8e86ab1e59b0185ba6491a187f94a0239f414c8fc867a22b0405b798",
                "sha256:41036a574cab3468f24d41d6ed2b52588fb85ed60f8feaa925d7e424a250740b",
                "sha256:4201c597e5057a9bfef9ea5777a6d83f6252cb78044db7d57d941ec2300734a5",
                "sha256:46d4843192e7d36278884282e100b8f305cf37d1b3d8c6b4f736d4454640a069",
                "sha256:4bae1c99896045d3062ab95478411c8d5a52cb84b91a1517312629fa6cfeb50e",
                "sha256:4ee51964edfd0a1293a95bb0d72d134ecf889379d90d2612cbf663623ce832b4",
                "sha256:4fcb53e4eb8c271032c91b8981df5fc1bb974bc73e306ec2c27da41bd95c44b5",
                "sha256:5c30a9a7d3a05920368a60b080cbbeaf06335303be23ac244034c71c03a0fd24",
                "sha256:5f3c54ebb5d9633a557335c01d88d3d4928e9b1b131692283b6184da1edbec0b",
                "sha256:6641a28cc826a92ef717201cca9a035c34a0185e38b0c93f3ce5f01a01a1570a",
                "sha256:790d7493337558ae168477d1be3178f4c9b8f91d8cd9b8b719d06fd9b2d48836",
                "sha256:871078218fa9117e2a378678f327e32fda04e363ed6bc0477275444273255d4d",
                "sha256:898c159148f27e23c08a337fb80d31ece6b76bb24f359d83929460d813665b74",
                "sha256:89b390b1c0de909965280d175c53128ce2f0f4f5c0f011382243dd7f2f894060",
                "sha256:8fa6584046a7cf281649975a363673fa5d9c6faf9dc923f261cc0e56713b5892",
                "sha256:9075c0c003c1ff14ebce8f0ba55cc692158cb55c68da09cf8b0f9fc5b749e343",
                "sha256:9a86a91201f8345502ea81dee0a55ae13add5fafadf109b17acd858fe8239651",
                "sha256:a8d610b7b557a7609fecee80b6dd793ecb7a9a3c3497fbdce63ce7d151cdd705",
                "sha256:b81dc7894062ed2d25b74a2725aaa0a6895ce97ce854f432fe4e87cad5a07316",
                "sha256:b8d852329336c584c636caa9c2db990f3a332b19bc86a80f4646b58d27c142db",
                "sha256:be857b7ec2ac43455156e6ba89262f7d7ae60227049427d01a3fecd218a3f88d",
                "sha256:bebe90b8020b4248e5a2076b56154cc6ff45691bbbe980579fc9db26717ac968",
                "sha256:bfd36b959c3c4e945119387baed1414ea46f7116886aa23de0172302b49d7ff1",
                "sha256:c122dac5cb299b8ad7308d61bd9fe0413de13b0347cce465398436b3fdf1f609",
                "sha256:c5c2f8417d13386e18ccc8c61467cb6a6f9667a1ff7000a2d7d378e5d7df693f",
                "sha256:ccd388b8f37b19d06e4152189726ce309e36dc03b53f2216a4ea49f09a7438e6",
                "sha256:cd61b52d9cf8fcf8d9628c0b640b9e44fdc5e93d989cc268086a858540ed370c",
                "sha256:cf220199b7b4992729ad4d55d5d3f652f4ccfe1a35b5eacdbecf189c245e1859",
                "sha256:d1e22d3a510438b7f3365c0071b810672d09febac6e8ca8a47eab657ae5f347b",
                "sha256:d2ec124a986093e26420a5fb10fa3f02b2c232f924cdd7b844ddf7e846c020cd",
                "sha256:dc3290d0411ddd2bd49adba5793223de8de8b01588d45e9376f1a9f7d25414f4",
                "sha256:e2149077d71e060678130644670389ddf1491200bcea16c5560d4ccdc65e3f2e",
                "sha256:e2de61005118ae59d48d5d749283ebfd1ba4ca68cc1000f8a395cd2bdcff7ceb",
                "sha256:e50ddea6de76c09b656df4b5a55ae222e2a56e625c44250e501ff3c904113ec1",
                "sha256:e898194f76212facbaeb6d7545debff29351afa23b53ff8f0834d66611af5139",
                "sha256:f6a9cf0e77f72f2ac30c9c6e086bc7446c984c51bebc6c7f50fbcd718037edba",
                "sha256:fdb0a3e0e64843441793923d9532a3a23907b07b2a1e0a7a31f186dc185bb772"
            ],
            "markers": "python_version >= '3.6'",
            "version": "==1.44.0"
        },
        "idna": {
            "hashes": [
                "sha256:84d9dd047ffa80596e0f246e2eab0b391788b0503584e8945f2368256d2735ff",
                "sha256:9d643ff0a55b762d5cdb124b8eaa99c66322e2157b69160bc32796e824360e6d"
            ],
            "markers": "python_version >= '3'",
            "version": "==3.3"
        },
        "itsdangerous": {
            "hashes": [
                "sha256:7b7d3023cd35d9cb0c1fd91392f8c95c6fa02c59bf8ad64b8849be3401b95afb",
                "sha256:935642cd4b987cdbee7210080004033af76306757ff8b4c0a506a4b6e06f02cf"
            ],
            "markers": "python_version >= '3.7'",
            "version": "==2.1.1"
        },
        "jinja2": {
            "hashes": [
                "sha256:077ce6014f7b40d03b47d1f1ca4b0fc8328a692bd284016f806ed0eaca390ad8",
                "sha256:611bb273cd68f3b993fabdc4064fc858c5b47a973cb5aa7999ec1ba405c87cd7"
            ],
            "markers": "python_version >= '3.6'",
            "version": "==3.0.3"
        },
        "markupsafe": {
            "hashes": [
                "sha256:023af8c54fe63530545f70dd2a2a7eed18d07a9a77b94e8bf1e2ff7f252db9a3",
                "sha256:09c86c9643cceb1d87ca08cdc30160d1b7ab49a8a21564868921959bd16441b8",
                "sha256:142119fb14a1ef6d758912b25c4e803c3ff66920635c44078666fe7cc3f8f759",
                "sha256:1d1fb9b2eec3c9714dd936860850300b51dbaa37404209c8d4cb66547884b7ed",
                "sha256:204730fd5fe2fe3b1e9ccadb2bd18ba8712b111dcabce185af0b3b5285a7c989",
                "sha256:24c3be29abb6b34052fd26fc7a8e0a49b1ee9d282e3665e8ad09a0a68faee5b3",
                "sha256:290b02bab3c9e216da57c1d11d2ba73a9f73a614bbdcc027d299a60cdfabb11a",
                "sha256:3028252424c72b2602a323f70fbf50aa80a5d3aa616ea6add4ba21ae9cc9da4c",
                "sha256:30c653fde75a6e5eb814d2a0a89378f83d1d3f502ab710904ee585c38888816c",
                "sha256:3cace1837bc84e63b3fd2dfce37f08f8c18aeb81ef5cf6bb9b51f625cb4e6cd8",
                "sha256:4056f752015dfa9828dce3140dbadd543b555afb3252507348c493def166d454",
                "sha256:454ffc1cbb75227d15667c09f164a0099159da0c1f3d2636aa648f12675491ad",
                "sha256:598b65d74615c021423bd45c2bc5e9b59539c875a9bdb7e5f2a6b92dfcfc268d",
                "sha256:599941da468f2cf22bf90a84f6e2a65524e87be2fce844f96f2dd9a6c9d1e635",
                "sha256:5ddea4c352a488b5e1069069f2f501006b1a4362cb906bee9a193ef1245a7a61",
                "sha256:62c0285e91414f5c8f621a17b69fc0088394ccdaa961ef469e833dbff64bd5ea",
                "sha256:679cbb78914ab212c49c67ba2c7396dc599a8479de51b9a87b174700abd9ea49",
                "sha256:6e104c0c2b4cd765b4e83909cde7ec61a1e313f8a75775897db321450e928cce",
                "sha256:736895a020e31b428b3382a7887bfea96102c529530299f426bf2e636aacec9e",
                "sha256:75bb36f134883fdbe13d8e63b8675f5f12b80bb6627f7714c7d6c5becf22719f",
                "sha256:7d2f5d97fcbd004c03df8d8fe2b973fe2b14e7bfeb2cfa012eaa8759ce9a762f",
                "sha256:80beaf63ddfbc64a0452b841d8036ca0611e049650e20afcb882f5d3c266d65f",
                "sha256:84ad5e29bf8bab3ad70fd707d3c05524862bddc54dc040982b0dbcff36481de7",
                "sha256:8da5924cb1f9064589767b0f3fc39d03e3d0fb5aa29e0cb21d43106519bd624a",
                "sha256:961eb86e5be7d0973789f30ebcf6caab60b844203f4396ece27310295a6082c7",
                "sha256:96de1932237abe0a13ba68b63e94113678c379dca45afa040a17b6e1ad7ed076",
                "sha256:a0a0abef2ca47b33fb615b491ce31b055ef2430de52c5b3fb19a4042dbc5cadb",
                "sha256:b2a5a856019d2833c56a3dcac1b80fe795c95f401818ea963594b345929dffa7",
                "sha256:b8811d48078d1cf2a6863dafb896e68406c5f513048451cd2ded0473133473c7",
                "sha256:c532d5ab79be0199fa2658e24a02fce8542df196e60665dd322409a03db6a52c",
                "sha256:d3b64c65328cb4cd252c94f83e66e3d7acf8891e60ebf588d7b493a55a1dbf26",
                "sha256:d4e702eea4a2903441f2735799d217f4ac1b55f7d8ad96ab7d4e25417cb0827c",
                "sha256:d5653619b3eb5cbd35bfba3c12d575db2a74d15e0e1c08bf1db788069d410ce8",
                "sha256:d66624f04de4af8bbf1c7f21cc06649c1c69a7f84109179add573ce35e46d448",
                "sha256:e67ec74fada3841b8c5f4c4f197bea916025cb9aa3fe5abf7d52b655d042f956",
                "sha256:e6f7f3f41faffaea6596da86ecc2389672fa949bd035251eab26dc6697451d05",
                "sha256:f02cf7221d5cd915d7fa58ab64f7ee6dd0f6cddbb48683debf5d04ae9b1c2cc1",
                "sha256:f0eddfcabd6936558ec020130f932d479930581171368fd728efcfb6ef0dd357",
                "sha256:fabbe18087c3d33c5824cb145ffca52eccd053061df1d79d4b66dafa5ad2a5ea",
                "sha256:fc3150f85e2dbcf99e65238c842d1cfe69d3e7649b19864c1cc043213d9cd730"
            ],
            "markers": "python_version >= '3.7'",
            "version": "==2.1.0"
        },
        "mypy": {
            "hashes": [
                "sha256:0b52778a018559a256c819ee31b2e21e10b31ddca8705624317253d6d08dbc35",
                "sha256:0fdc9191a49c77ab5fa0439915d405e80a1118b163ab03cd2a530f346b12566a",
                "sha256:13677cb8b050f03b5bb2e8bf7b2668cd918b001d56c2435082bbfc9d5f730f42",
                "sha256:1903c92ff8642d521b4627e51a67e49f5be5aedb1fb03465b3aae4c3338ec491",
                "sha256:1f66f2309cdbb07e95e60e83fb4a8272095bd4ea6ee58bf9a70d5fb304ec3e3f",
                "sha256:2dba92f58610d116f68ec1221fb2de2a346d081d17b24a784624389b17a4b3f9",
                "sha256:2efd76893fb8327eca7e942e21b373e6f3c5c083ff860fb1e82ddd0462d662bd",
                "sha256:3ac14949677ae9cb1adc498c423b194ad4d25b13322f6fe889fb72b664c79121",
                "sha256:471af97c35a32061883b0f8a3305ac17947fd42ce962ca9e2b0639eb9141492f",
                "sha256:51be997c1922e2b7be514a5215d1e1799a40832c0a0dee325ba8794f2c48818f",
                "sha256:628f5513268ebbc563750af672ccba5eef7f92d2d90154233edd498dfb98ca4e",
                "sha256:68038d514ae59d5b2f326be502a359160158d886bd153fc2489dbf7a03c44c96",
                "sha256:6eab2bcc2b9489b7df87d7c20743b66d13254ad4d6430e1dfe1a655d51f0933d",
                "sha256:712affcc456de637e774448c73e21c84dfa5a70bcda34e9b0be4fb898a9e8e07",
                "sha256:71bec3d2782d0b1fecef7b1c436253544d81c1c0e9ca58190aed9befd8f081c5",
                "sha256:83f66190e3c32603217105913fbfe0a3ef154ab6bbc7ef2c989f5b2957b55840",
                "sha256:8aaf18d0f8bc3ffba56d32a85971dfbd371a5be5036da41ac16aefec440eff17",
                "sha256:a0e5657ccaedeb5fdfda59918cc98fc6d8a8e83041bc0cec347a2ab6915f9998",
                "sha256:a168da06eccf51875fdff5f305a47f021f23f300e2b89768abdac24538b1f8ec",
                "sha256:b1a116c451b41e35afc09618f454b5c2704ba7a4e36f9ff65014fef26bb6075b",
                "sha256:b2fa5f2d597478ccfe1f274f8da2f50ea1e63da5a7ae2342c5b3b2f3e57ec340",
                "sha256:d9d7647505bf427bc7931e8baf6cacf9be97e78a397724511f20ddec2a850752",
                "sha256:f8fe1bfab792e4300f80013edaf9949b34e4c056a7b2531b5ef3a0fb9d598ae2"
            ],
            "index": "pypi",
            "version": "==0.940"
        },
        "mypy-extensions": {
            "hashes": [
                "sha256:090fedd75945a69ae91ce1303b5824f428daf5a028d2f6ab8a299250a846f15d",
                "sha256:2d82818f5bb3e369420cb3c4060a7970edba416647068eb4c5343488a6c604a8"
            ],
            "version": "==0.4.3"
        },
        "protobuf": {
            "hashes": [
                "sha256:072fbc78d705d3edc7ccac58a62c4c8e0cec856987da7df8aca86e647be4e35c",
                "sha256:09297b7972da685ce269ec52af761743714996b4381c085205914c41fcab59fb",
                "sha256:16f519de1313f1b7139ad70772e7db515b1420d208cb16c6d7858ea989fc64a9",
                "sha256:1c91ef4110fdd2c590effb5dca8fdbdcb3bf563eece99287019c4204f53d81a4",
                "sha256:3112b58aac3bac9c8be2b60a9daf6b558ca3f7681c130dcdd788ade7c9ffbdca",
                "sha256:36cecbabbda242915529b8ff364f2263cd4de7c46bbe361418b5ed859677ba58",
                "sha256:4276cdec4447bd5015453e41bdc0c0c1234eda08420b7c9a18b8d647add51e4b",
                "sha256:435bb78b37fc386f9275a7035fe4fb1364484e38980d0dd91bc834a02c5ec909",
                "sha256:48ed3877fa43e22bcacc852ca76d4775741f9709dd9575881a373bd3e85e54b2",
                "sha256:54a1473077f3b616779ce31f477351a45b4fef8c9fd7892d6d87e287a38df368",
                "sha256:69da7d39e39942bd52848438462674c463e23963a1fdaa84d88df7fbd7e749b2",
                "sha256:6cbc312be5e71869d9d5ea25147cdf652a6781cf4d906497ca7690b7b9b5df13",
                "sha256:7bb03bc2873a2842e5ebb4801f5c7ff1bfbdf426f85d0172f7644fcda0671ae0",
                "sha256:7ca7da9c339ca8890d66958f5462beabd611eca6c958691a8fe6eccbd1eb0c6e",
                "sha256:835a9c949dc193953c319603b2961c5c8f4327957fe23d914ca80d982665e8ee",
                "sha256:84123274d982b9e248a143dadd1b9815049f4477dc783bf84efe6250eb4b836a",
                "sha256:8961c3a78ebfcd000920c9060a262f082f29838682b1f7201889300c1fbe0616",
                "sha256:96bd766831596d6014ca88d86dc8fe0fb2e428c0b02432fd9db3943202bf8c5e",
                "sha256:9df0c10adf3e83015ced42a9a7bd64e13d06c4cf45c340d2c63020ea04499d0a",
                "sha256:b38057450a0c566cbd04890a40edf916db890f2818e8682221611d78dc32ae26",
                "sha256:bd95d1dfb9c4f4563e6093a9aa19d9c186bf98fa54da5252531cc0d3a07977e7",
                "sha256:c1068287025f8ea025103e37d62ffd63fec8e9e636246b89c341aeda8a67c934",
                "sha256:c438268eebb8cf039552897d78f402d734a404f1360592fef55297285f7f953f",
                "sha256:cdc076c03381f5c1d9bb1abdcc5503d9ca8b53cf0a9d31a9f6754ec9e6c8af0f",
                "sha256:f358aa33e03b7a84e0d91270a4d4d8f5df6921abe99a377828839e8ed0c04e07",
                "sha256:f51d5a9f137f7a2cec2d326a74b6e3fc79d635d69ffe1b036d39fc7d75430d37"
            ],
            "markers": "python_version >= '3.5'",
            "version": "==3.19.4"
        },
        "protobuf3": {
            "hashes": [
                "sha256:ddd878b3f991beff566ab384d3588cf8e89758e3a16a78f4099dbe70de3c41a2"
            ],
            "version": "==0.2.1"
        },
        "pyjwt": {
            "hashes": [
                "sha256:b888b4d56f06f6dcd777210c334e69c737be74755d3e5e9ee3fe67dc18a0ee41",
                "sha256:e0c4bb8d9f0af0c7f5b1ec4c5036309617d03d56932877f2f7a0beeb5318322f"
            ],
            "markers": "python_version >= '3.6'",
            "version": "==2.3.0"
        },
        "pytz": {
            "hashes": [
                "sha256:3672058bc3453457b622aab7a1c3bfd5ab0bdae451512f6cf25f64ed37f5b87c",
                "sha256:acad2d8b20a1af07d4e4c9d2e9285c5ed9104354062f275f3fcd88dcef4f1326"
            ],
            "version": "==2021.3"
        },
        "requests": {
            "hashes": [
                "sha256:68d7c56fd5a8999887728ef304a6d12edc7be74f1cfa47714fc8b414525c9a61",
                "sha256:f22fa1e554c9ddfd16e6e41ac79759e17be9e492b3587efa038054674760e72d"
            ],
            "markers": "python_version >= '2.7' and python_version not in '3.0, 3.1, 3.2, 3.3, 3.4, 3.5'",
            "version": "==2.27.1"
        },
        "six": {
            "hashes": [
                "sha256:1e61c37477a1626458e36f7b1d82aa5c9b094fa4802892072e49de9c60c4c926",
                "sha256:8abb2f1d86890a2dfb989f9a77cfcfd3e47c2a354b01111771326f8aa26e0254"
            ],
            "markers": "python_version >= '2.7' and python_version not in '3.0, 3.1, 3.2'",
            "version": "==1.16.0"
        },
        "stringcase": {
            "hashes": [
                "sha256:48a06980661908efe8d9d34eab2b6c13aefa2163b3ced26972902e3bdfd87008"
            ],
            "index": "pypi",
            "version": "==1.2.0"
        },
        "tomli": {
            "hashes": [
                "sha256:939de3e7a6161af0c887ef91b7d41a53e7c5a1ca976325f429cb46ea9bc30ecc",
                "sha256:de526c12914f0c550d15924c62d72abc48d6fe7364aa87328337a31007fe8a4f"
            ],
            "markers": "python_version >= '3.7'",
            "version": "==2.0.1"
        },
        "twilio": {
            "hashes": [
                "sha256:d8e021c1c82f5552446d25d2b91b7373d76d712c90324470c886220853496be1",
                "sha256:dedc37864ee9682631ce942a0dfbb04286fe4938ed90b1f22a583596ffbf459e"
            ],
            "index": "pypi",
            "version": "==7.7.1"
        },
        "twilio-stubs": {
            "hashes": [
                "sha256:ab06e38cfd9abb676a40fe80762e9d0e4a4f63f78754ec5098e20904e81a77d4"
            ],
            "index": "pypi",
            "version": "==0.1.0"
        },
        "typing-extensions": {
            "hashes": [
                "sha256:1a9462dcc3347a79b1f1c0271fbe79e844580bb598bafa1ed208b94da3cdcd42",
                "sha256:21c85e0fe4b9a155d0799430b0ad741cdce7e359660ccbd8b530613e8df88ce2"
            ],
            "markers": "python_version >= '3.6'",
            "version": "==4.1.1"
        },
        "urllib3": {
            "hashes": [
                "sha256:000ca7f471a233c2251c6c7023ee85305721bfdf18621ebff4fd17a8653427ed",
                "sha256:0e7c33d9a63e7ddfcb86780aac87befc2fbddf46c58dbb487e0855f7ceec283c"
            ],
            "markers": "python_version >= '2.7' and python_version not in '3.0, 3.1, 3.2, 3.3, 3.4' and python_version < '4'",
            "version": "==1.26.8"
        },
        "werkzeug": {
            "hashes": [
                "sha256:1421ebfc7648a39a5c58c601b154165d05cf47a3cd0ccb70857cbdacf6c8f2b8",
                "sha256:b863f8ff057c522164b6067c9e28b041161b4be5ba4d0daceeaa50a163822d3c"
            ],
            "markers": "python_version >= '3.6'",
            "version": "==2.0.3"
        }
    },
    "develop": {}
}
