{
    "_meta": {
        "hash": {
            "sha256": "1bed63b2e17e740c57d83b832a6fa26cb86f973aca43773c2321e0893a06d054"
        },
        "pipfile-spec": 6,
        "requires": {
            "python_version": "3.9"
        },
        "sources": [
            {
                "name": "pypi",
                "url": "https://pypi.org/simple",
                "verify_ssl": true
            }
        ]
    },
    "default": {
        "attrs": {
            "hashes": [
                "sha256:2d27e3784d7a565d36ab851fe94887c5eccd6a463168875832a1be79c82828b4",
                "sha256:626ba8234211db98e869df76230a137c4c40a12d72445c45d5f5b716f076e2fd"
            ],
            "markers": "python_version >= '2.7' and python_version not in '3.0, 3.1, 3.2, 3.3, 3.4'",
            "version": "==21.4.0"
        },
        "bleach": {
            "hashes": [
                "sha256:08a1fe86d253b5c88c92cc3d810fd8048a16d15762e1e5b74d502256e5926aa1",
                "sha256:c6d6cc054bdc9c83b48b8083e236e5f00f238428666d2ce2e083eaa5fd568565"
            ],
            "markers": "python_version >= '3.7'",
            "version": "==5.0.0"
        },
        "build": {
            "hashes": [
                "sha256:1aaadcd69338252ade4f7ec1265e1a19184bf916d84c9b7df095f423948cb89f",
                "sha256:21b7ebbd1b22499c4dac536abc7606696ea4d909fd755e00f09f3c0f2c05e3c8"
            ],
            "index": "pypi",
            "version": "==0.7.0"
        },
        "certifi": {
            "hashes": [
                "sha256:78884e7c1d4b00ce3cea67b44566851c4343c120abd683433ce934a68ea58872",
                "sha256:d62a0163eb4c2344ac042ab2bdf75399a71a2d8c7d47eac2e2ee91b9d6339569"
            ],
            "version": "==2021.10.8"
        },
        "charset-normalizer": {
            "hashes": [
                "sha256:2857e29ff0d34db842cd7ca3230549d1a697f96ee6d3fb071cfa6c7393832597",
                "sha256:6881edbebdb17b39b4eaaa821b438bf6eddffb4468cf344f09f89def34a8b1df"
            ],
            "markers": "python_version >= '3'",
            "version": "==2.0.12"
        },
        "click": {
            "hashes": [
                "sha256:7682dc8afb30297001674575ea00d1814d808d6a36af415a82bd481d37ba7b8e",
                "sha256:bb4d8133cb15a609f44e8213d9b391b0809795062913b383c62be0ee95b1db48"
            ],
            "index": "pypi",
            "version": "==8.1.3"
        },
        "commonmark": {
            "hashes": [
                "sha256:452f9dc859be7f06631ddcb328b6919c67984aca654e5fefb3914d54691aed60",
                "sha256:da2f38c92590f83de410ba1a3cbceafbc74fee9def35f9251ba9a971d6d66fd9"
            ],
            "version": "==0.9.1"
        },
        "docutils": {
            "hashes": [
                "sha256:23010f129180089fbcd3bc08cfefccb3b890b0050e1ca00c867036e9d161b98c",
                "sha256:679987caf361a7539d76e584cbeddc311e3aee937877c87346f31debc63e9d06"
            ],
            "markers": "python_version >= '2.7' and python_version not in '3.0, 3.1, 3.2, 3.3, 3.4'",
            "version": "==0.18.1"
        },
        "grpc-stubs": {
            "hashes": [
                "sha256:4e4105e692ceb4101cef2f65b9710f91894bb404e51ed0558e05714b1797295a",
                "sha256:92460dbabea0e77e34241afe7594b86f5cef2f9ae6ca0230f1ae2430427c20f9"
            ],
            "index": "pypi",
            "version": "==1.24.10"
        },
        "grpcio": {
            "hashes": [
                "sha256:0815fb60b23d992a732bd32a7cb9cbcdbbb8faef9f4219fc7570537b2ad72428",
                "sha256:09c5b5812fdb50ee5ccd3cb2820bd72706e04f42e58245a3f640370aaef17938",
                "sha256:09f84962dacfee7137b76818476bcd7fcf11626e3e9c20adae2b0fa9c7fe81c3",
                "sha256:0c50a5d81a4b5583b7fef4ec084fab919a06ad2e7e01eefd778f2a9bfd3f6b19",
                "sha256:0c5d817a0738d87868ffaeef1ec2aa312cd99b24ba451f4dc993457468d48216",
                "sha256:0e6800f64c61cfa914c25560eb885a61623e356c7885775b80eead94f80c178c",
                "sha256:22dc046fece523ca3a86aac75ac9980016c0ba93d35a586bc8b350a62430f4fc",
                "sha256:385b55cdf6176961d22390e3d2e7c26ab412f2b7e35d150d0a2964afae0d6662",
                "sha256:3aa094661e8b4229177eb373b5c7b3aca34699711efa004daebd24bf60fd213b",
                "sha256:3abc211a2ebdf002b0a430079238b4861ea74fa3f6751f4e584702333ec5b886",
                "sha256:3e20ad60564e71b7a29894d6d1eebe23c43974d82d2529b37d8f766b3ec3ef1e",
                "sha256:4083a70e3f90f6e48de37611484f489381f21a2615575c9a5a6ea5d9bf46db71",
                "sha256:424ef6c3f7631b21a7884e5756f23d2fc5c4d89f05b0c87e4b0cd4495b39748e",
                "sha256:46eefbb36a062fad859bf56087f1a6782aae2a7e0c6234fb82971290db29a3e2",
                "sha256:47958e3a8ec64768ef9ab7448bcb1c571d3a8138a90674710af811ef082ae428",
                "sha256:48260059c3204a1fa948233711045b066f09deaa24fb6213e8fb0fc7264832f7",
                "sha256:4835b0f5fedbee3a3d6eea48f4e65dffd30b52c078690fa97ddc9fcea1e3b35d",
                "sha256:48f81a903467dd6665af7b2c3089b2dbe16563a945d7dc88c40c585dcd010f8a",
                "sha256:4a7431905f3b7177c0a03f4ed7471d3d500e0d109c739b724e4ab4d2f852c961",
                "sha256:4b963b5594e1e1eaa657bc1007aa2f4d78e3be0b38a0c8524da68b981c82854f",
                "sha256:4f51f7534c6fb47edbe3524357c05680af96d93d38f6c98a2560f56bfcc171ec",
                "sha256:51c917e8eea1995d540524674406b9658591ae29beab012f79f817757ce218b5",
                "sha256:52217d64ca280cec095ca9643b7f028edf5c9866af9125ded452699be04d4440",
                "sha256:58777d1abd8291c9dd98dc236ece82696cd54039daa0b478bb2ad6cb0c8d4b9a",
                "sha256:5a67abcf8c646970a48896e23256403397927a4ea0bcf0a0e4bd7c2023f675dd",
                "sha256:5bae8fd51d16a2712e5ecfc40146f6b3bcb6e3837f345be7f20ecc4a86c61903",
                "sha256:71a2163e14ad95210d7353fd4ea5f02d474afec897e653e54adce45cf0ee1536",
                "sha256:72b0cf7240cd26efb589afbcff21ed4f430e8237e6c9ab02f7d7118d9677f278",
                "sha256:7c12b79c625eb6a73d808c234254bfbd23fae08a7f64bb78236c61f77f30454a",
                "sha256:8373f35f562a3235a3213a2899da72e7ab2f94e127f88d17e5a9702aa7a7a61d",
                "sha256:83c0eee24264e715cadef3a4b4cc58b69ec57faa98bf8a49079ceb7345adb767",
                "sha256:8e2d6c4308a143533a8c9b01616d628de22bc2f9da73ff9dd75f92104597c90f",
                "sha256:9009bceefe013cbb57663fe3e33b38e695832216b23aa3efb2c81c86b271f0da",
                "sha256:9e27d4937763c1b4f360bea7f976ea73ccd444f89279a0de2147c8d65fdbf6b0",
                "sha256:a481ec9bc02c1be56b9d2eff14b00629f679269a10a952134ad6624ff335daa7",
                "sha256:a73ccbc4f7a57183ec6c3f78e225585ba85f990e93b523359bad83baee349540",
                "sha256:a968c5572a55ca0acc068c69ffde252bcb0ce79acf857b55a76733eb8e71b2da",
                "sha256:ae8c79aa3d699b7e48f56e4ee6aececf29a7b01e61db408a6d0e3f3d27f93ee4",
                "sha256:aeb1e07fab60736583fc17f0bad9ba45b82d4c2099576a936853742e6ff50bd8",
                "sha256:b476a680c08504c5520d043ee26e8614f71e2fc9abf98fc6de3ad61074684fb6",
                "sha256:b7f058ba6818cb20dca26ac43c610a2c9846302a34a7f0ac81b0dda0bde15bbf",
                "sha256:c3b3898087090a03429d14e053af5531075e6db6bdd608fd44fa4eb1021b50f2",
                "sha256:c758fcba514fded6fc0dc0cd8416f2697af0e1a2e7e13a8be49728820dc51371",
                "sha256:c88bfb74d343c3214a5482530a112a623704549271006cfb3284daf2dcdda620",
                "sha256:c9e2be2b9cd3c15980b94371ad71f6c7a415d7b2b88b9ea35a993b4f2a947f11",
                "sha256:cc032618b4c16b342c98ccfdfd85c5659ba33a9eb1c6e3ca0b2062dc08650f91",
                "sha256:ce35d280b022766121d09901827973c66b31987047e54062f72ea0a8df8cd267",
                "sha256:d1845dd5c3a21496a5e7c8d0dbc02ee1f5491a90ae391f0d8ea502e9a2ad9e28",
                "sha256:d8e0778b2e9a92beef973b050102e7698753c57ef59572b59794580a8990ad95",
                "sha256:e44313f90365780631597dd59f9a50830a02f038b7e191a44d09a9094683123b",
                "sha256:ec9afc7641a43d37e7f4c8a6464ec14748aa939443f06754331a30e430a73cf5",
                "sha256:f4d9e8c8da9ea4bd3d72122e2491bfee798ba1f498abf680a508f78eb49d742b",
                "sha256:f868103adeb61dd42330c2e85e1c0cccbc9a0b3f53fd84299981c9af99f95da7",
                "sha256:fe355dd01d2310ddbcdcf903bde451ca4b22cdcc2ea3c36de34997578ee3b1e0"
            ],
            "markers": "python_version >= '3.6'",
            "version": "==1.46.1"
        },
        "idna": {
            "hashes": [
                "sha256:84d9dd047ffa80596e0f246e2eab0b391788b0503584e8945f2368256d2735ff",
                "sha256:9d643ff0a55b762d5cdb124b8eaa99c66322e2157b69160bc32796e824360e6d"
            ],
            "markers": "python_version >= '3'",
            "version": "==3.3"
        },
        "importlib-metadata": {
            "hashes": [
                "sha256:1208431ca90a8cca1a6b8af391bb53c1a2db74e5d1cef6ddced95d4b2062edc6",
                "sha256:ea4c597ebf37142f827b8f39299579e31685c31d3a438b59f469406afd0f2539"
            ],
            "markers": "python_version >= '3.7'",
            "version": "==4.11.3"
        },
        "iniconfig": {
            "hashes": [
                "sha256:011e24c64b7f47f6ebd835bb12a743f2fbe9a26d4cecaa7f53bc4f35ee9da8b3",
                "sha256:bc3af051d7d14b2ee5ef9969666def0cd1a000e121eaea580d4a313df4b37f32"
            ],
            "version": "==1.1.1"
        },
        "keyring": {
            "hashes": [
                "sha256:9012508e141a80bd1c0b6778d5c610dd9f8c464d75ac6774248500503f972fb9",
                "sha256:b0d28928ac3ec8e42ef4cc227822647a19f1d544f21f96457965dc01cf555261"
            ],
            "markers": "python_version >= '3.7'",
            "version": "==23.5.0"
        },
        "mypy": {
            "hashes": [
                "sha256:0112752a6ff07230f9ec2f71b0d3d4e088a910fdce454fdb6553e83ed0eced7d",
                "sha256:0384d9f3af49837baa92f559d3fa673e6d2652a16550a9ee07fc08c736f5e6f8",
                "sha256:1b333cfbca1762ff15808a0ef4f71b5d3eed8528b23ea1c3fb50543c867d68de",
                "sha256:1fdeb0a0f64f2a874a4c1f5271f06e40e1e9779bf55f9567f149466fc7a55038",
                "sha256:4c653e4846f287051599ed8f4b3c044b80e540e88feec76b11044ddc5612ffed",
                "sha256:563514c7dc504698fb66bb1cf897657a173a496406f1866afae73ab5b3cdb334",
                "sha256:5b231afd6a6e951381b9ef09a1223b1feabe13625388db48a8690f8daa9b71ff",
                "sha256:5ce6a09042b6da16d773d2110e44f169683d8cc8687e79ec6d1181a72cb028d2",
                "sha256:5e7647df0f8fc947388e6251d728189cfadb3b1e558407f93254e35abc026e22",
                "sha256:6003de687c13196e8a1243a5e4bcce617d79b88f83ee6625437e335d89dfebe2",
                "sha256:61504b9a5ae166ba5ecfed9e93357fd51aa693d3d434b582a925338a2ff57fd2",
                "sha256:77423570c04aca807508a492037abbd72b12a1fb25a385847d191cd50b2c9605",
                "sha256:a4d9898f46446bfb6405383b57b96737dcfd0a7f25b748e78ef3e8c576bba3cb",
                "sha256:a952b8bc0ae278fc6316e6384f67bb9a396eb30aced6ad034d3a76120ebcc519",
                "sha256:b5b5bd0ffb11b4aba2bb6d31b8643902c48f990cc92fda4e21afac658044f0c0",
                "sha256:ca75ecf2783395ca3016a5e455cb322ba26b6d33b4b413fcdedfc632e67941dc",
                "sha256:cf9c261958a769a3bd38c3e133801ebcd284ffb734ea12d01457cb09eacf7d7b",
                "sha256:dd4d670eee9610bf61c25c940e9ade2d0ed05eb44227275cce88701fee014b1f",
                "sha256:e19736af56947addedce4674c0971e5dceef1b5ec7d667fe86bcd2b07f8f9075",
                "sha256:eaea21d150fb26d7b4856766e7addcf929119dd19fc832b22e71d942835201ef",
                "sha256:eaff8156016487c1af5ffa5304c3e3fd183edcb412f3e9c72db349faf3f6e0eb",
                "sha256:ee0a36edd332ed2c5208565ae6e3a7afc0eabb53f5327e281f2ef03a6bc7687a",
                "sha256:ef7beb2a3582eb7a9f37beaf38a28acfd801988cde688760aea9e6cc4832b10b"
            ],
            "index": "pypi",
            "version": "==0.950"
        },
        "mypy-extensions": {
            "hashes": [
                "sha256:090fedd75945a69ae91ce1303b5824f428daf5a028d2f6ab8a299250a846f15d",
                "sha256:2d82818f5bb3e369420cb3c4060a7970edba416647068eb4c5343488a6c604a8"
            ],
            "version": "==0.4.3"
        },
        "packaging": {
            "hashes": [
                "sha256:dd47c42927d89ab911e606518907cc2d3a1f38bbd026385970643f9c5b8ecfeb",
                "sha256:ef103e05f519cdc783ae24ea4e2e0f508a9c99b2d4969652eed6a2e1ea5bd522"
            ],
            "markers": "python_version >= '3.6'",
            "version": "==21.3"
        },
        "pep517": {
            "hashes": [
                "sha256:931378d93d11b298cf511dd634cf5ea4cb249a28ef84160b3247ee9afb4e8ab0",
                "sha256:dd884c326898e2c6e11f9e0b64940606a93eb10ea022a2e067959f3a110cf161"
            ],
            "version": "==0.12.0"
        },
        "pkginfo": {
            "hashes": [
                "sha256:542e0d0b6750e2e21c20179803e40ab50598d8066d51097a0e382cba9eb02bff",
                "sha256:c24c487c6a7f72c66e816ab1796b96ac6c3d14d49338293d2141664330b55ffc"
            ],
            "version": "==1.8.2"
        },
        "pluggy": {
            "hashes": [
                "sha256:4224373bacce55f955a878bf9cfa763c1e360858e330072059e10bad68531159",
                "sha256:74134bbf457f031a36d68416e1509f34bd5ccc019f0bcc952c7b909d06b37bd3"
            ],
            "markers": "python_version >= '3.6'",
            "version": "==1.0.0"
        },
        "protobuf": {
            "hashes": [
                "sha256:06059eb6953ff01e56a25cd02cca1a9649a75a7e65397b5b9b4e929ed71d10cf",
                "sha256:097c5d8a9808302fb0da7e20edf0b8d4703274d140fd25c5edabddcde43e081f",
                "sha256:284f86a6207c897542d7e956eb243a36bb8f9564c1742b253462386e96c6b78f",
                "sha256:32ca378605b41fd180dfe4e14d3226386d8d1b002ab31c969c366549e66a2bb7",
                "sha256:3cc797c9d15d7689ed507b165cd05913acb992d78b379f6014e013f9ecb20996",
                "sha256:62f1b5c4cd6c5402b4e2d63804ba49a327e0c386c99b1675c8a0fefda23b2067",
                "sha256:69ccfdf3657ba59569c64295b7d51325f91af586f8d5793b734260dfe2e94e2c",
                "sha256:6f50601512a3d23625d8a85b1638d914a0970f17920ff39cec63aaef80a93fb7",
                "sha256:7403941f6d0992d40161aa8bb23e12575637008a5a02283a930addc0508982f9",
                "sha256:755f3aee41354ae395e104d62119cb223339a8f3276a0cd009ffabfcdd46bb0c",
                "sha256:77053d28427a29987ca9caf7b72ccafee011257561259faba8dd308fda9a8739",
                "sha256:7e371f10abe57cee5021797126c93479f59fccc9693dafd6bd5633ab67808a91",
                "sha256:9016d01c91e8e625141d24ec1b20fed584703e527d28512aa8c8707f105a683c",
                "sha256:9be73ad47579abc26c12024239d3540e6b765182a91dbc88e23658ab71767153",
                "sha256:adc31566d027f45efe3f44eeb5b1f329da43891634d61c75a5944e9be6dd42c9",
                "sha256:adfc6cf69c7f8c50fd24c793964eef18f0ac321315439d94945820612849c388",
                "sha256:af0ebadc74e281a517141daad9d0f2c5d93ab78e9d455113719a45a49da9db4e",
                "sha256:cb29edb9eab15742d791e1025dd7b6a8f6fcb53802ad2f6e3adcb102051063ab",
                "sha256:cd68be2559e2a3b84f517fb029ee611546f7812b1fdd0aa2ecc9bc6ec0e4fdde",
                "sha256:cdee09140e1cd184ba9324ec1df410e7147242b94b5f8b0c64fc89e38a8ba531",
                "sha256:db977c4ca738dd9ce508557d4fce0f5aebd105e158c725beec86feb1f6bc20d8",
                "sha256:dd5789b2948ca702c17027c84c2accb552fc30f4622a98ab5c51fcfe8c50d3e7",
                "sha256:e250a42f15bf9d5b09fe1b293bdba2801cd520a9f5ea2d7fb7536d4441811d20",
                "sha256:ff8d8fa42675249bb456f5db06c00de6c2f4c27a065955917b28c4f15978b9c3"
            ],
            "index": "pypi",
            "version": "==3.20.1"
        },
        "protobuf3": {
            "hashes": [
                "sha256:ddd878b3f991beff566ab384d3588cf8e89758e3a16a78f4099dbe70de3c41a2"
            ],
            "index": "pypi",
            "version": "==0.2.1"
        },
        "py": {
            "hashes": [
                "sha256:51c75c4126074b472f746a24399ad32f6053d1b34b68d2fa41e558e6f4a98719",
                "sha256:607c53218732647dff4acdfcd50cb62615cedf612e72d1724fb1a0cc6405b378"
            ],
            "markers": "python_version >= '2.7' and python_version not in '3.0, 3.1, 3.2, 3.3, 3.4'",
            "version": "==1.11.0"
        },
        "pygments": {
            "hashes": [
                "sha256:5eb116118f9612ff1ee89ac96437bb6b49e8f04d8a13b514ba26f620208e26eb",
                "sha256:dc9c10fb40944260f6ed4c688ece0cd2048414940f1cea51b8b226318411c519"
            ],
            "markers": "python_version >= '3.6'",
            "version": "==2.12.0"
        },
        "pyparsing": {
            "hashes": [
                "sha256:2b020ecf7d21b687f219b71ecad3631f644a47f01403fa1d1036b0c6416d70fb",
                "sha256:5026bae9a10eeaefb61dab2f09052b9f4307d44aee4eda64b309723d8d206bbc"
            ],
            "markers": "python_full_version >= '3.6.8'",
            "version": "==3.0.9"
        },
        "pytest": {
            "hashes": [
                "sha256:13d0e3ccfc2b6e26be000cb6568c832ba67ba32e719443bfe725814d3c42433c",
                "sha256:a06a0425453864a270bc45e71f783330a7428defb4230fb5e6a731fde06ecd45"
            ],
            "index": "pypi",
            "version": "==7.1.2"
        },
        "readme-renderer": {
            "hashes": [
                "sha256:73b84905d091c31f36e50b4ae05ae2acead661f6a09a9abb4df7d2ddcdb6a698",
                "sha256:a727999acfc222fc21d82a12ed48c957c4989785e5865807c65a487d21677497"
            ],
            "markers": "python_version >= '3.7'",
            "version": "==35.0"
        },
        "requests": {
            "hashes": [
                "sha256:68d7c56fd5a8999887728ef304a6d12edc7be74f1cfa47714fc8b414525c9a61",
                "sha256:f22fa1e554c9ddfd16e6e41ac79759e17be9e492b3587efa038054674760e72d"
            ],
            "markers": "python_version >= '2.7' and python_version not in '3.0, 3.1, 3.2, 3.3, 3.4, 3.5'",
            "version": "==2.27.1"
        },
        "requests-toolbelt": {
            "hashes": [
                "sha256:380606e1d10dc85c3bd47bf5a6095f815ec007be7a8b69c878507068df059e6f",
                "sha256:968089d4584ad4ad7c171454f0a5c6dac23971e9472521ea3b6d49d610aa6fc0"
            ],
            "version": "==0.9.1"
        },
        "rfc3986": {
            "hashes": [
                "sha256:50b1502b60e289cb37883f3dfd34532b8873c7de9f49bb546641ce9cbd256ebd",
                "sha256:97aacf9dbd4bfd829baad6e6309fa6573aaf1be3f6fa735c8ab05e46cecb261c"
            ],
            "markers": "python_version >= '3.7'",
            "version": "==2.0.0"
        },
        "rich": {
            "hashes": [
                "sha256:d13c6c90c42e24eb7ce660db397e8c398edd58acb7f92a2a88a95572b838aaa4",
                "sha256:d239001c0fb7de985e21ec9a4bb542b5150350330bbc1849f835b9cbc8923b91"
            ],
            "markers": "python_full_version >= '3.6.3' and python_full_version < '4.0.0'",
            "version": "==12.4.1"
        },
        "six": {
            "hashes": [
                "sha256:1e61c37477a1626458e36f7b1d82aa5c9b094fa4802892072e49de9c60c4c926",
                "sha256:8abb2f1d86890a2dfb989f9a77cfcfd3e47c2a354b01111771326f8aa26e0254"
            ],
            "markers": "python_version >= '2.7' and python_version not in '3.0, 3.1, 3.2, 3.3'",
            "version": "==1.16.0"
        },
        "tomli": {
            "hashes": [
                "sha256:939de3e7a6161af0c887ef91b7d41a53e7c5a1ca976325f429cb46ea9bc30ecc",
                "sha256:de526c12914f0c550d15924c62d72abc48d6fe7364aa87328337a31007fe8a4f"
            ],
            "markers": "python_version >= '3.7'",
            "version": "==2.0.1"
        },
        "twine": {
            "hashes": [
                "sha256:6f7496cf14a3a8903474552d5271c79c71916519edb42554f23f42a8563498a9",
                "sha256:817aa0c0bdc02a5ebe32051e168e23c71a0608334e624c793011f120dbbc05b7"
            ],
            "index": "pypi",
            "version": "==4.0.0"
        },
        "types-protobuf": {
            "hashes": [
                "sha256:5bba355b54276dce4c4eadad55a8cc91c597b0031c24479ba335e3aecc650ed7",
                "sha256:a8f3f9c1d11548ab04debbc716a3825c0bbc1d29f245d6c9a2aec2ca2544cec4"
            ],
            "index": "pypi",
            "version": "==3.19.20"
        },
        "types-requests": {
            "hashes": [
                "sha256:2444905c89731dbcb6bbcd6d873a04252445df7623917c640e463b2b28d2a708",
                "sha256:805ae7e38fd9d157153066dc4381cf585fd34dfa212f2fc1fece248c05aac571"
            ],
            "index": "pypi",
            "version": "==2.27.25"
        },
        "types-urllib3": {
            "hashes": [
                "sha256:2a2578e4b36341ccd240b00fccda9826988ff0589a44ba4a664bbd69ef348d27",
                "sha256:5d2388aa76395b1e3999ff789ea5b3283677dad8e9bcf3d9117ba19271fd35d9"
            ],
            "version": "==1.26.14"
        },
        "typing-extensions": {
            "hashes": [
                "sha256:6657594ee297170d19f67d55c05852a874e7eb634f4f753dbd667855e07c1708",
                "sha256:f1c24655a0da0d1b67f07e17a5e6b2a105894e6824b92096378bb3668ef02376"
            ],
            "markers": "python_version >= '3.7'",
            "version": "==4.2.0"
        },
        "urllib3": {
            "hashes": [
                "sha256:44ece4d53fb1706f667c9bd1c648f5469a2ec925fcf3a776667042d645472c14",
                "sha256:aabaf16477806a5e1dd19aa41f8c2b7950dd3c746362d7e3223dbe6de6ac448e"
            ],
            "markers": "python_version >= '2.7' and python_version not in '3.0, 3.1, 3.2, 3.3, 3.4' and python_full_version < '4.0.0'",
            "version": "==1.26.9"
        },
        "webencodings": {
            "hashes": [
                "sha256:a0af1213f3c2226497a97e2b3aa01a7e4bee4f403f95be16fc9acd2947514a78",
                "sha256:b36a1c245f2d304965eb4e0a82848379241dc04b865afcc4aab16748587e1923"
            ],
            "version": "==0.5.1"
        },
        "zipp": {
            "hashes": [
                "sha256:56bf8aadb83c24db6c4b577e13de374ccfb67da2078beba1d037c17980bf43ad",
                "sha256:c4f6e5bbf48e74f7a38e7cc5b0480ff42b0ae5178957d564d18932525d5cf099"
            ],
            "markers": "python_version >= '3.7'",
            "version": "==3.8.0"
        }
    },
    "develop": {}
}
