# Generated by buf. DO NOT EDIT.
version: v1
deps:
  - remote: buf.build
    owner: bufbuild
    repository: protovalidate
    commit: ca37dc8895db4729ac94f62f00fbd994
    digest: shake256:42c51d9091a313379dfdb0482cd86d2de412eb856721ac637bc8ff986694fd27924214440681f678c4c9dd2c24af0b4f59caf53e60d6fd1caa48c2d66d6c0425
